{
  "lockfileVersion": 1,
  "dependencies": {
    "renderjson": {
      "version": "1.3.1",
      "resolved": "https://registry.npmjs.org/renderjson/-/renderjson-1.3.1.tgz",
      "integrity": "sha1-xeb3dRR7lY5Ge/LhDtjTrIh+4MM="
    },
    "spin": {
      "version": "0.0.1",
      "resolved": "https://registry.npmjs.org/spin/-/spin-0.0.1.tgz",
      "integrity": "sha1-JGt1ZGnGOx9i+RL5JbfrJJDjjMY="
    }
  }
}
